
Microsoft Visual Studio Solution File, Format Version 12.00
# Visual Studio Version 17
VisualStudioVersion = 17.7.34221.43
MinimumVisualStudioVersion = 10.0.40219.1
Project("{FAE04EC0-301F-11D3-BF4B-00C04F79EFBC}") = "ConsoleApp1", "ConsoleApp1\ConsoleApp1.csproj", "{6D9BD532-79AE-4B4A-BF91-D0D27DE7C3F9}"
EndProject
Project("{FAE04EC0-301F-11D3-BF4B-00C04F79EFBC}") = "ModelLibrary", "ModelLibrary\ModelLibrary.csproj", "{09DA9AD9-5AF5-493C-A3C1-9B684A8E51E9}"
EndProject
Global
	GlobalSection(SolutionConfigurationPlatforms) = preSolution
		Debug|Any CPU = Debug|Any CPU
		Release|Any CPU = Release|Any CPU
	EndGlobalSection
	GlobalSection(ProjectConfigurationPlatforms) = postSolution
		{6D9BD532-79AE-4B4A-BF91-D0D27DE7C3F9}.Debug|Any CPU.ActiveCfg = Debug|Any CPU
		{6D9BD532-79AE-4B4A-BF91-D0D27DE7C3F9}.Debug|Any CPU.Build.0 = Debug|Any CPU
		{6D9BD532-79AE-4B4A-BF91-D0D27DE7C3F9}.Release|Any CPU.ActiveCfg = Release|Any CPU
		{6D9BD532-79AE-4B4A-BF91-D0D27DE7C3F9}.Release|Any CPU.Build.0 = Release|Any CPU
		{09DA9AD9-5AF5-493C-A3C1-9B684A8E51E9}.Debug|Any CPU.ActiveCfg = Debug|Any CPU
		{09DA9AD9-5AF5-493C-A3C1-9B684A8E51E9}.Debug|Any CPU.Build.0 = Debug|Any CPU
		{09DA9AD9-5AF5-493C-A3C1-9B684A8E51E9}.Release|Any CPU.ActiveCfg = Release|Any CPU
		{09DA9AD9-5AF5-493C-A3C1-9B684A8E51E9}.Release|Any CPU.Build.0 = Release|Any CPU
	EndGlobalSection
	GlobalSection(SolutionProperties) = preSolution
		HideSolutionNode = FALSE
	EndGlobalSection
	GlobalSection(ExtensibilityGlobals) = postSolution
		SolutionGuid = {72C46F30-8525-4ED4-9737-D6A8E949F07A}
	EndGlobalSection
EndGlobal
